
Microsoft Visual Studio Solution File, Format Version 12.00
# Visual Studio Version 17
VisualStudioVersion = 17.7.34003.232
MinimumVisualStudioVersion = 10.0.40219.1
Project("{FAE04EC0-301F-11D3-BF4B-00C04F79EFBC}") = "BethanysPieShopHRM", "BethanysPieShopHRM\BethanysPieShopHRM.csproj", "{640A8B45-03B5-4751-90BE-99F95BD0C581}"
EndProject
Global
	GlobalSection(SolutionConfigurationPlatforms) = preSolution
		Debug|Any CPU = Debug|Any CPU
		Release|Any CPU = Release|Any CPU
	EndGlobalSection
	GlobalSection(ProjectConfigurationPlatforms) = postSolution
		{640A8B45-03B5-4751-90BE-99F95BD0C581}.Debug|Any CPU.ActiveCfg = Debug|Any CPU
		{640A8B45-03B5-4751-90BE-99F95BD0C581}.Debug|Any CPU.Build.0 = Debug|Any CPU
		{640A8B45-03B5-4751-90BE-99F95BD0C581}.Release|Any CPU.ActiveCfg = Release|Any CPU
		{640A8B45-03B5-4751-90BE-99F95BD0C581}.Release|Any CPU.Build.0 = Release|Any CPU
	EndGlobalSection
	GlobalSection(SolutionProperties) = preSolution
		HideSolutionNode = FALSE
	EndGlobalSection
	GlobalSection(ExtensibilityGlobals) = postSolution
		SolutionGuid = {B27DAE3E-D2A4-4F5F-B65C-FCA9177480ED}
	EndGlobalSection
EndGlobal
